// !$*UTF8*$!
{
	archiveVersion = 1;
	classes = {
	};
	objectVersion = 56;
	objects = {

/* Begin PBXBuildFile section */
		618815B429B49DC500209762 /* LinkStorageApp.swift in Sources */ = {isa = PBXBuildFile; fileRef = 618815B329B49DC500209762 /* LinkStorageApp.swift */; };
		618815B629B49DC500209762 /* ContentView.swift in Sources */ = {isa = PBXBuildFile; fileRef = 618815B529B49DC500209762 /* ContentView.swift */; };
		618815B829B49DC700209762 /* Assets.xcassets in Resources */ = {isa = PBXBuildFile; fileRef = 618815B729B49DC700209762 /* Assets.xcassets */; };
		618815BB29B49DC700209762 /* Preview Assets.xcassets in Resources */ = {isa = PBXBuildFile; fileRef = 618815BA29B49DC700209762 /* Preview Assets.xcassets */; };
		618815C229B4A26900209762 /* AddLinkView.swift in Sources */ = {isa = PBXBuildFile; fileRef = 618815C129B4A26900209762 /* AddLinkView.swift */; };
		618815C429B4ACBD00209762 /* ContentViewModel.swift in Sources */ = {isa = PBXBuildFile; fileRef = 618815C329B4ACBD00209762 /* ContentViewModel.swift */; };
		618815C729B4BFCB00209762 /* Realm in Frameworks */ = {isa = PBXBuildFile; productRef = 618815C629B4BFCB00209762 /* Realm */; };
		618815C929B4BFCB00209762 /* RealmSwift in Frameworks */ = {isa = PBXBuildFile; productRef = 618815C829B4BFCB00209762 /* RealmSwift */; };
		618815CE29B4C4A400209762 /* LinkIstem.swift in Sources */ = {isa = PBXBuildFile; fileRef = 618815CD29B4C4A400209762 /* LinkIstem.swift */; };
		618815D129B4CA1600209762 /* WebView.swift in Sources */ = {isa = PBXBuildFile; fileRef = 618815D029B4CA1600209762 /* WebView.swift */; };
		618815D329B4CC9600209762 /* LinkShowView.swift in Sources */ = {isa = PBXBuildFile; fileRef = 618815D229B4CC9600209762 /* LinkShowView.swift */; };
/* End PBXBuildFile section */

/* Begin PBXFileReference section */
		618815B029B49DC500209762 /* LinkStorage.app */ = {isa = PBXFileReference; explicitFileType = wrapper.application; includeInIndex = 0; path = LinkStorage.app; sourceTree = BUILT_PRODUCTS_DIR; };
		618815B329B49DC500209762 /* LinkStorageApp.swift */ = {isa = PBXFileReference; lastKnownFileType = sourcecode.swift; path = LinkStorageApp.swift; sourceTree = "<group>"; };
		618815B529B49DC500209762 /* ContentView.swift */ = {isa = PBXFileReference; lastKnownFileType = sourcecode.swift; path = ContentView.swift; sourceTree = "<group>"; };
		618815B729B49DC700209762 /* Assets.xcassets */ = {isa = PBXFileReference; lastKnownFileType = folder.assetcatalog; path = Assets.xcassets; sourceTree = "<group>"; };
		618815BA29B49DC700209762 /* Preview Assets.xcassets */ = {isa = PBXFileReference; lastKnownFileType = folder.assetcatalog; path = "Preview Assets.xcassets"; sourceTree = "<group>"; };
		618815C129B4A26900209762 /* AddLinkView.swift */ = {isa = PBXFileReference; lastKnownFileType = sourcecode.swift; path = AddLinkView.swift; sourceTree = "<group>"; };
		618815C329B4ACBD00209762 /* ContentViewModel.swift */ = {isa = PBXFileReference; lastKnownFileType = sourcecode.swift; path = ContentViewModel.swift; sourceTree = "<group>"; };
		618815CD29B4C4A400209762 /* LinkIstem.swift */ = {isa = PBXFileReference; lastKnownFileType = sourcecode.swift; path = LinkIstem.swift; sourceTree = "<group>"; };
		618815D029B4CA1600209762 /* WebView.swift */ = {isa = PBXFileReference; lastKnownFileType = sourcecode.swift; path = WebView.swift; sourceTree = "<group>"; };
		618815D229B4CC9600209762 /* LinkShowView.swift */ = {isa = PBXFileReference; lastKnownFileType = sourcecode.swift; path = LinkShowView.swift; sourceTree = "<group>"; };
/* End PBXFileReference section */

/* Begin PBXFrameworksBuildPhase section */
		618815AD29B49DC500209762 /* Frameworks */ = {
			isa = PBXFrameworksBuildPhase;
			buildActionMask = 2147483647;
			files = (
				618815C929B4BFCB00209762 /* RealmSwift in Frameworks */,
				618815C729B4BFCB00209762 /* Realm in Frameworks */,
			);
			runOnlyForDeploymentPostprocessing = 0;
		};
/* End PBXFrameworksBuildPhase section */

/* Begin PBXGroup section */
		618815A729B49DC500209762 = {
			isa = PBXGroup;
			children = (
				618815B229B49DC500209762 /* LinkStorage */,
				618815B129B49DC500209762 /* Products */,
			);
			sourceTree = "<group>";
		};
		618815B129B49DC500209762 /* Products */ = {
			isa = PBXGroup;
			children = (
				618815B029B49DC500209762 /* LinkStorage.app */,
			);
			name = Products;
			sourceTree = "<group>";
		};
		618815B229B49DC500209762 /* LinkStorage */ = {
			isa = PBXGroup;
			children = (
				618815B329B49DC500209762 /* LinkStorageApp.swift */,
				618815CF29B4C9F700209762 /* Extention */,
				618815CC29B4C3F400209762 /* Model */,
				618815CB29B4C3F000209762 /* View */,
				618815CA29B4C3DC00209762 /* ViewModel */,
				618815B729B49DC700209762 /* Assets.xcassets */,
				618815B929B49DC700209762 /* Preview Content */,
			);
			path = LinkStorage;
			sourceTree = "<group>";
		};
		618815B929B49DC700209762 /* Preview Content */ = {
			isa = PBXGroup;
			children = (
				618815BA29B49DC700209762 /* Preview Assets.xcassets */,
			);
			path = "Preview Content";
			sourceTree = "<group>";
		};
		618815CA29B4C3DC00209762 /* ViewModel */ = {
			isa = PBXGroup;
			children = (
				618815C329B4ACBD00209762 /* ContentViewModel.swift */,
			);
			path = ViewModel;
			sourceTree = "<group>";
		};
		618815CB29B4C3F000209762 /* View */ = {
			isa = PBXGroup;
			children = (
				618815B529B49DC500209762 /* ContentView.swift */,
				618815C129B4A26900209762 /* AddLinkView.swift */,
				618815D229B4CC9600209762 /* LinkShowView.swift */,
			);
			path = View;
			sourceTree = "<group>";
		};
		618815CC29B4C3F400209762 /* Model */ = {
			isa = PBXGroup;
			children = (
				618815CD29B4C4A400209762 /* LinkIstem.swift */,
			);
			path = Model;
			sourceTree = "<group>";
		};
		618815CF29B4C9F700209762 /* Extention */ = {
			isa = PBXGroup;
			children = (
				618815D029B4CA1600209762 /* WebView.swift */,
			);
			path = Extention;
			sourceTree = "<group>";
		};
/* End PBXGroup section */

/* Begin PBXNativeTarget section */
		618815AF29B49DC500209762 /* LinkStorage */ = {
			isa = PBXNativeTarget;
			buildConfigurationList = 618815BE29B49DC700209762 /* Build configuration list for PBXNativeTarget "LinkStorage" */;
			buildPhases = (
				618815AC29B49DC500209762 /* Sources */,
				618815AD29B49DC500209762 /* Frameworks */,
				618815AE29B49DC500209762 /* Resources */,
			);
			buildRules = (
			);
			dependencies = (
			);
			name = LinkStorage;
			packageProductDependencies = (
				618815C629B4BFCB00209762 /* Realm */,
				618815C829B4BFCB00209762 /* RealmSwift */,
			);
			productName = LinkStorage;
			productReference = 618815B029B49DC500209762 /* LinkStorage.app */;
			productType = "com.apple.product-type.application";
		};
/* End PBXNativeTarget section */

/* Begin PBXProject section */
		618815A829B49DC500209762 /* Project object */ = {
			isa = PBXProject;
			attributes = {
				BuildIndependentTargetsInParallel = 1;
				LastSwiftUpdateCheck = 1410;
				LastUpgradeCheck = 1410;
				TargetAttributes = {
					618815AF29B49DC500209762 = {
						CreatedOnToolsVersion = 14.1;
					};
				};
			};
			buildConfigurationList = 618815AB29B49DC500209762 /* Build configuration list for PBXProject "LinkStorage" */;
			compatibilityVersion = "Xcode 14.0";
			developmentRegion = en;
			hasScannedForEncodings = 0;
			knownRegions = (
				en,
				Base,
			);
			mainGroup = 618815A729B49DC500209762;
			packageReferences = (
				618815C529B4BFCB00209762 /* XCRemoteSwiftPackageReference "realm-swift" */,
			);
			productRefGroup = 618815B129B49DC500209762 /* Products */;
			projectDirPath = "";
			projectRoot = "";
			targets = (
				618815AF29B49DC500209762 /* LinkStorage */,
			);
		};
/* End PBXProject section */

/* Begin PBXResourcesBuildPhase section */
		618815AE29B49DC500209762 /* Resources */ = {
			isa = PBXResourcesBuildPhase;
			buildActionMask = 2147483647;
			files = (
				618815BB29B49DC700209762 /* Preview Assets.xcassets in Resources */,
				618815B829B49DC700209762 /* Assets.xcassets in Resources */,
			);
			runOnlyForDeploymentPostprocessing = 0;
		};
/* End PBXResourcesBuildPhase section */

/* Begin PBXSourcesBuildPhase section */
		618815AC29B49DC500209762 /* Sources */ = {
			isa = PBXSourcesBuildPhase;
			buildActionMask = 2147483647;
			files = (
				618815CE29B4C4A400209762 /* LinkIstem.swift in Sources */,
				618815C429B4ACBD00209762 /* ContentViewModel.swift in Sources */,
				618815D329B4CC9600209762 /* LinkShowView.swift in Sources */,
				618815B629B49DC500209762 /* ContentView.swift in Sources */,
				618815D129B4CA1600209762 /* WebView.swift in Sources */,
				618815C229B4A26900209762 /* AddLinkView.swift in Sources */,
				618815B429B49DC500209762 /* LinkStorageApp.swift in Sources */,
			);
			runOnlyForDeploymentPostprocessing = 0;
		};
/* End PBXSourcesBuildPhase section */

/* Begin XCBuildConfiguration section */
		618815BC29B49DC700209762 /* Debug */ = {
			isa = XCBuildConfiguration;
			buildSettings = {
				ALWAYS_SEARCH_USER_PATHS = NO;
				CLANG_ANALYZER_NONNULL = YES;
				CLANG_ANALYZER_NUMBER_OBJECT_CONVERSION = YES_AGGRESSIVE;
				CLANG_CXX_LANGUAGE_STANDARD = "gnu++20";
				CLANG_ENABLE_MODULES = YES;
				CLANG_ENABLE_OBJC_ARC = YES;
				CLANG_ENABLE_OBJC_WEAK = YES;
				CLANG_WARN_BLOCK_CAPTURE_AUTORELEASING = YES;
				CLANG_WARN_BOOL_CONVERSION = YES;
				CLANG_WARN_COMMA = YES;
				CLANG_WARN_CONSTANT_CONVERSION = YES;
				CLANG_WARN_DEPRECATED_OBJC_IMPLEMENTATIONS = YES;
				CLANG_WARN_DIRECT_OBJC_ISA_USAGE = YES_ERROR;
				CLANG_WARN_DOCUMENTATION_COMMENTS = YES;
				CLANG_WARN_EMPTY_BODY = YES;
				CLANG_WARN_ENUM_CONVERSION = YES;
				CLANG_WARN_INFINITE_RECURSION = YES;
				CLANG_WARN_INT_CONVERSION = YES;
				CLANG_WARN_NON_LITERAL_NULL_CONVERSION = YES;
				CLANG_WARN_OBJC_IMPLICIT_RETAIN_SELF = YES;
				CLANG_WARN_OBJC_LITERAL_CONVERSION = YES;
				CLANG_WARN_OBJC_ROOT_CLASS = YES_ERROR;
				CLANG_WARN_QUOTED_INCLUDE_IN_FRAMEWORK_HEADER = YES;
				CLANG_WARN_RANGE_LOOP_ANALYSIS = YES;
				CLANG_WARN_STRICT_PROTOTYPES = YES;
				CLANG_WARN_SUSPICIOUS_MOVE = YES;
				CLANG_WARN_UNGUARDED_AVAILABILITY = YES_AGGRESSIVE;
				CLANG_WARN_UNREACHABLE_CODE = YES;
				CLANG_WARN__DUPLICATE_METHOD_MATCH = YES;
				COPY_PHASE_STRIP = NO;
				DEBUG_INFORMATION_FORMAT = dwarf;
				ENABLE_STRICT_OBJC_MSGSEND = YES;
				ENABLE_TESTABILITY = YES;
				GCC_C_LANGUAGE_STANDARD = gnu11;
				GCC_DYNAMIC_NO_PIC = NO;
				GCC_NO_COMMON_BLOCKS = YES;
				GCC_OPTIMIZATION_LEVEL = 0;
				GCC_PREPROCESSOR_DEFINITIONS = (
					"DEBUG=1",
					"$(inherited)",
				);
				GCC_WARN_64_TO_32_BIT_CONVERSION = YES;
				GCC_WARN_ABOUT_RETURN_TYPE = YES_ERROR;
				GCC_WARN_UNDECLARED_SELECTOR = YES;
				GCC_WARN_UNINITIALIZED_AUTOS = YES_AGGRESSIVE;
				GCC_WARN_UNUSED_FUNCTION = YES;
				GCC_WARN_UNUSED_VARIABLE = YES;
				IPHONEOS_DEPLOYMENT_TARGET = 16.1;
				MTL_ENABLE_DEBUG_INFO = INCLUDE_SOURCE;
				MTL_FAST_MATH = YES;
				ONLY_ACTIVE_ARCH = YES;
				SDKROOT = iphoneos;
				SWIFT_ACTIVE_COMPILATION_CONDITIONS = DEBUG;
				SWIFT_OPTIMIZATION_LEVEL = "-Onone";
			};
			name = Debug;
		};
		618815BD29B49DC700209762 /* Release */ = {
			isa = XCBuildConfiguration;
			buildSettings = {
				ALWAYS_SEARCH_USER_PATHS = NO;
				CLANG_ANALYZER_NONNULL = YES;
				CLANG_ANALYZER_NUMBER_OBJECT_CONVERSION = YES_AGGRESSIVE;
				CLANG_CXX_LANGUAGE_STANDARD = "gnu++20";
				CLANG_ENABLE_MODULES = YES;
				CLANG_ENABLE_OBJC_ARC = YES;
				CLANG_ENABLE_OBJC_WEAK = YES;
				CLANG_WARN_BLOCK_CAPTURE_AUTORELEASING = YES;
				CLANG_WARN_BOOL_CONVERSION = YES;
				CLANG_WARN_COMMA = YES;
				CLANG_WARN_CONSTANT_CONVERSION = YES;
				CLANG_WARN_DEPRECATED_OBJC_IMPLEMENTATIONS = YES;
				CLANG_WARN_DIRECT_OBJC_ISA_USAGE = YES_ERROR;
				CLANG_WARN_DOCUMENTATION_COMMENTS = YES;
				CLANG_WARN_EMPTY_BODY = YES;
				CLANG_WARN_ENUM_CONVERSION = YES;
				CLANG_WARN_INFINITE_RECURSION = YES;
				CLANG_WARN_INT_CONVERSION = YES;
				CLANG_WARN_NON_LITERAL_NULL_CONVERSION = YES;
				CLANG_WARN_OBJC_IMPLICIT_RETAIN_SELF = YES;
				CLANG_WARN_OBJC_LITERAL_CONVERSION = YES;
				CLANG_WARN_OBJC_ROOT_CLASS = YES_ERROR;
				CLANG_WARN_QUOTED_INCLUDE_IN_FRAMEWORK_HEADER = YES;
				CLANG_WARN_RANGE_LOOP_ANALYSIS = YES;
				CLANG_WARN_STRICT_PROTOTYPES = YES;
				CLANG_WARN_SUSPICIOUS_MOVE = YES;
				CLANG_WARN_UNGUARDED_AVAILABILITY = YES_AGGRESSIVE;
				CLANG_WARN_UNREACHABLE_CODE = YES;
				CLANG_WARN__DUPLICATE_METHOD_MATCH = YES;
				COPY_PHASE_STRIP = NO;
				DEBUG_INFORMATION_FORMAT = "dwarf-with-dsym";
				ENABLE_NS_ASSERTIONS = NO;
				ENABLE_STRICT_OBJC_MSGSEND = YES;
				GCC_C_LANGUAGE_STANDARD = gnu11;
				GCC_NO_COMMON_BLOCKS = YES;
				GCC_WARN_64_TO_32_BIT_CONVERSION = YES;
				GCC_WARN_ABOUT_RETURN_TYPE = YES_ERROR;
				GCC_WARN_UNDECLARED_SELECTOR = YES;
				GCC_WARN_UNINITIALIZED_AUTOS = YES_AGGRESSIVE;
				GCC_WARN_UNUSED_FUNCTION = YES;
				GCC_WARN_UNUSED_VARIABLE = YES;
				IPHONEOS_DEPLOYMENT_TARGET = 16.1;
				MTL_ENABLE_DEBUG_INFO = NO;
				MTL_FAST_MATH = YES;
				SDKROOT = iphoneos;
				SWIFT_COMPILATION_MODE = wholemodule;
				SWIFT_OPTIMIZATION_LEVEL = "-O";
				VALIDATE_PRODUCT = YES;
			};
			name = Release;
		};
		618815BF29B49DC700209762 /* Debug */ = {
			isa = XCBuildConfiguration;
			buildSettings = {
				ASSETCATALOG_COMPILER_APPICON_NAME = AppIcon;
				ASSETCATALOG_COMPILER_GLOBAL_ACCENT_COLOR_NAME = AccentColor;
				CODE_SIGN_STYLE = Automatic;
				CURRENT_PROJECT_VERSION = 1;
				DEVELOPMENT_ASSET_PATHS = "\"LinkStorage/Preview Content\"";
				ENABLE_PREVIEWS = YES;
				GENERATE_INFOPLIST_FILE = YES;
				INFOPLIST_KEY_UIApplicationSceneManifest_Generation = YES;
				INFOPLIST_KEY_UIApplicationSupportsIndirectInputEvents = YES;
				INFOPLIST_KEY_UILaunchScreen_Generation = YES;
				INFOPLIST_KEY_UISupportedInterfaceOrientations_iPad = "UIInterfaceOrientationPortrait UIInterfaceOrientationPortraitUpsideDown UIInterfaceOrientationLandscapeLeft UIInterfaceOrientationLandscapeRight";
				INFOPLIST_KEY_UISupportedInterfaceOrientations_iPhone = "UIInterfaceOrientationPortrait UIInterfaceOrientationLandscapeLeft UIInterfaceOrientationLandscapeRight";
				LD_RUNPATH_SEARCH_PATHS = (
					"$(inherited)",
					"@executable_path/Frameworks",
				);
				MARKETING_VERSION = 1.0;
				PRODUCT_BUNDLE_IDENTIFIER = torishar.LinkStorage;
				PRODUCT_NAME = "$(TARGET_NAME)";
				SWIFT_EMIT_LOC_STRINGS = YES;
				SWIFT_VERSION = 5.0;
				TARGETED_DEVICE_FAMILY = "1,2";
			};
			name = Debug;
		};
		618815C029B49DC700209762 /* Release */ = {
			isa = XCBuildConfiguration;
			buildSettings = {
				ASSETCATALOG_COMPILER_APPICON_NAME = AppIcon;
				ASSETCATALOG_COMPILER_GLOBAL_ACCENT_COLOR_NAME = AccentColor;
				CODE_SIGN_STYLE = Automatic;
				CURRENT_PROJECT_VERSION = 1;
				DEVELOPMENT_ASSET_PATHS = "\"LinkStorage/Preview Content\"";
				ENABLE_PREVIEWS = YES;
				GENERATE_INFOPLIST_FILE = YES;
				INFOPLIST_KEY_UIApplicationSceneManifest_Generation = YES;
				INFOPLIST_KEY_UIApplicationSupportsIndirectInputEvents = YES;
				INFOPLIST_KEY_UILaunchScreen_Generation = YES;
				INFOPLIST_KEY_UISupportedInterfaceOrientations_iPad = "UIInterfaceOrientationPortrait UIInterfaceOrientationPortraitUpsideDown UIInterfaceOrientationLandscapeLeft UIInterfaceOrientationLandscapeRight";
				INFOPLIST_KEY_UISupportedInterfaceOrientations_iPhone = "UIInterfaceOrientationPortrait UIInterfaceOrientationLandscapeLeft UIInterfaceOrientationLandscapeRight";
				LD_RUNPATH_SEARCH_PATHS = (
					"$(inherited)",
					"@executable_path/Frameworks",
				);
				MARKETING_VERSION = 1.0;
				PRODUCT_BUNDLE_IDENTIFIER = torishar.LinkStorage;
				PRODUCT_NAME = "$(TARGET_NAME)";
				SWIFT_EMIT_LOC_STRINGS = YES;
				SWIFT_VERSION = 5.0;
				TARGETED_DEVICE_FAMILY = "1,2";
			};
			name = Release;
		};
/* End XCBuildConfiguration section */

/* Begin XCConfigurationList section */
		618815AB29B49DC500209762 /* Build configuration list for PBXProject "LinkStorage" */ = {
			isa = XCConfigurationList;
			buildConfigurations = (
				618815BC29B49DC700209762 /* Debug */,
				618815BD29B49DC700209762 /* Release */,
			);
			defaultConfigurationIsVisible = 0;
			defaultConfigurationName = Release;
		};
		618815BE29B49DC700209762 /* Build configuration list for PBXNativeTarget "LinkStorage" */ = {
			isa = XCConfigurationList;
			buildConfigurations = (
				618815BF29B49DC700209762 /* Debug */,
				618815C029B49DC700209762 /* Release */,
			);
			defaultConfigurationIsVisible = 0;
			defaultConfigurationName = Release;
		};
/* End XCConfigurationList section */

/* Begin XCRemoteSwiftPackageReference section */
		618815C529B4BFCB00209762 /* XCRemoteSwiftPackageReference "realm-swift" */ = {
			isa = XCRemoteSwiftPackageReference;
			repositoryURL = "https://github.com/realm/realm-swift.git";
			requirement = {
				branch = master;
				kind = branch;
			};
		};
/* End XCRemoteSwiftPackageReference section */

/* Begin XCSwiftPackageProductDependency section */
		618815C629B4BFCB00209762 /* Realm */ = {
			isa = XCSwiftPackageProductDependency;
			package = 618815C529B4BFCB00209762 /* XCRemoteSwiftPackageReference "realm-swift" */;
			productName = Realm;
		};
		618815C829B4BFCB00209762 /* RealmSwift */ = {
			isa = XCSwiftPackageProductDependency;
			package = 618815C529B4BFCB00209762 /* XCRemoteSwiftPackageReference "realm-swift" */;
			productName = RealmSwift;
		};
/* End XCSwiftPackageProductDependency section */
	};
	rootObject = 618815A829B49DC500209762 /* Project object */;
}
